
Microsoft Visual Studio Solution File, Format Version 12.00
Project("{2150E333-8FDC-42A3-9474-1A3956D46DE8}") = "src", "src", "{B2181CE9-9EC5-4C4F-93FC-BE197E8D808B}"
EndProject
Project("{FAE04EC0-301F-11D3-BF4B-00C04F79EFBC}") = "AltVBlazor", "src\AltVBlazor\AltVBlazor.csproj", "{7BAD8066-4149-4D62-BBD4-DD3BA236024D}"
EndProject
Global
	GlobalSection(SolutionConfigurationPlatforms) = preSolution
		Debug|Any CPU = Debug|Any CPU
		Release|Any CPU = Release|Any CPU
	EndGlobalSection
	GlobalSection(NestedProjects) = preSolution
		{7BAD8066-4149-4D62-BBD4-DD3BA236024D} = {B2181CE9-9EC5-4C4F-93FC-BE197E8D808B}
	EndGlobalSection
	GlobalSection(ProjectConfigurationPlatforms) = postSolution
		{7BAD8066-4149-4D62-BBD4-DD3BA236024D}.Debug|Any CPU.ActiveCfg = Debug|Any CPU
		{7BAD8066-4149-4D62-BBD4-DD3BA236024D}.Debug|Any CPU.Build.0 = Debug|Any CPU
		{7BAD8066-4149-4D62-BBD4-DD3BA236024D}.Release|Any CPU.ActiveCfg = Release|Any CPU
		{7BAD8066-4149-4D62-BBD4-DD3BA236024D}.Release|Any CPU.Build.0 = Release|Any CPU
	EndGlobalSection
EndGlobal
